// !$*UTF8*$!
{
	archiveVersion = 1;
	classes = {
	};
	objectVersion = 56;
	objects = {

/* Begin PBXBuildFile section */
		036A771E17854EDCD5CE11B1 /* Pods_LaniKingstonCoffeeTests.framework in Frameworks */ = {isa = PBXBuildFile; fileRef = 7BF88DCD5C99FC0C41CC37F8 /* Pods_LaniKingstonCoffeeTests.framework */; };
		36582D22E287662507389B76 /* Pods_LaniKingstonCoffee_LaniKingstonCoffeeUITests.framework in Frameworks */ = {isa = PBXBuildFile; fileRef = 6D66E00A7D4E35BD479BAC0E /* Pods_LaniKingstonCoffee_LaniKingstonCoffeeUITests.framework */; };
		43C14407F9B7EE4DDE6AA616 /* Pods_LaniKingstonCoffee.framework in Frameworks */ = {isa = PBXBuildFile; fileRef = DFF5504C2AA03860CF139279 /* Pods_LaniKingstonCoffee.framework */; };
		59075101296FEDAA008F587D /* ResultsViewController.swift in Sources */ = {isa = PBXBuildFile; fileRef = 59075100296FEDAA008F587D /* ResultsViewController.swift */; };
		5907510329709AC0008F587D /* PlacesFetcher.swift in Sources */ = {isa = PBXBuildFile; fileRef = 5907510229709AC0008F587D /* PlacesFetcher.swift */; };
		590751052970A2CF008F587D /* PlaceError.swift in Sources */ = {isa = PBXBuildFile; fileRef = 590751042970A2CF008F587D /* PlaceError.swift */; };
		590751072974CC09008F587D /* CafeDetailViewController.swift in Sources */ = {isa = PBXBuildFile; fileRef = 590751062974CC09008F587D /* CafeDetailViewController.swift */; };
		5907510F297899A5008F587D /* LocationService.swift in Sources */ = {isa = PBXBuildFile; fileRef = 5907510E297899A5008F587D /* LocationService.swift */; };
		590CE5542968E2AF0061870B /* CustomTabBarController.swift in Sources */ = {isa = PBXBuildFile; fileRef = 590CE5532968E2AF0061870B /* CustomTabBarController.swift */; };
		590CE5562968E3910061870B /* AboutViewController.swift in Sources */ = {isa = PBXBuildFile; fileRef = 590CE5552968E3910061870B /* AboutViewController.swift */; };
		590CE5582968E3BD0061870B /* FeaturedViewController.swift in Sources */ = {isa = PBXBuildFile; fileRef = 590CE5572968E3BD0061870B /* FeaturedViewController.swift */; };
		590CE55A2968F8520061870B /* MapViewController.swift in Sources */ = {isa = PBXBuildFile; fileRef = 590CE5592968F8520061870B /* MapViewController.swift */; };
		590CE55C2968F8600061870B /* ListViewController.swift in Sources */ = {isa = PBXBuildFile; fileRef = 590CE55B2968F8600061870B /* ListViewController.swift */; };
		590CE55F2969182A0061870B /* ListTableViewCell.swift in Sources */ = {isa = PBXBuildFile; fileRef = 590CE55E2969182A0061870B /* ListTableViewCell.swift */; };
		597100D329655F8B008A0E5D /* HomeViewController.swift in Sources */ = {isa = PBXBuildFile; fileRef = 597100D229655F8B008A0E5D /* HomeViewController.swift */; };
		597100D629656484008A0E5D /* Cafe.swift in Sources */ = {isa = PBXBuildFile; fileRef = 597100D529656484008A0E5D /* Cafe.swift */; };
		597100D92965FA26008A0E5D /* CafeController.swift in Sources */ = {isa = PBXBuildFile; fileRef = 597100D82965FA25008A0E5D /* CafeController.swift */; };
		59C309872964F17F007886FD /* AppDelegate.swift in Sources */ = {isa = PBXBuildFile; fileRef = 59C309862964F17F007886FD /* AppDelegate.swift */; };
		59C309892964F17F007886FD /* SceneDelegate.swift in Sources */ = {isa = PBXBuildFile; fileRef = 59C309882964F17F007886FD /* SceneDelegate.swift */; };
		59C3098E2964F17F007886FD /* Main.storyboard in Resources */ = {isa = PBXBuildFile; fileRef = 59C3098C2964F17F007886FD /* Main.storyboard */; };
		59C309902964F180007886FD /* Assets.xcassets in Resources */ = {isa = PBXBuildFile; fileRef = 59C3098F2964F180007886FD /* Assets.xcassets */; };
		59C309932964F180007886FD /* LaunchScreen.storyboard in Resources */ = {isa = PBXBuildFile; fileRef = 59C309912964F180007886FD /* LaunchScreen.storyboard */; };
		59C3099E2964F180007886FD /* LaniKingstonCoffeeTests.swift in Sources */ = {isa = PBXBuildFile; fileRef = 59C3099D2964F180007886FD /* LaniKingstonCoffeeTests.swift */; };
		59C309A82964F181007886FD /* LaniKingstonCoffeeUITests.swift in Sources */ = {isa = PBXBuildFile; fileRef = 59C309A72964F181007886FD /* LaniKingstonCoffeeUITests.swift */; };
		59C309AA2964F181007886FD /* LaniKingstonCoffeeUITestsLaunchTests.swift in Sources */ = {isa = PBXBuildFile; fileRef = 59C309A92964F181007886FD /* LaniKingstonCoffeeUITestsLaunchTests.swift */; };
		59C309BC2964F1FF007886FD /* GoogleService-Info.plist in Resources */ = {isa = PBXBuildFile; fileRef = 59C309BB2964F1FF007886FD /* GoogleService-Info.plist */; };
		59C770BF296CD26000C2608B /* CafeErrors.swift in Sources */ = {isa = PBXBuildFile; fileRef = 59C770BE296CD26000C2608B /* CafeErrors.swift */; };
/* End PBXBuildFile section */

/* Begin PBXContainerItemProxy section */
		59C3099A2964F180007886FD /* PBXContainerItemProxy */ = {
			isa = PBXContainerItemProxy;
			containerPortal = 59C3097B2964F17F007886FD /* Project object */;
			proxyType = 1;
			remoteGlobalIDString = 59C309822964F17F007886FD;
			remoteInfo = LaniKingstonCoffee;
		};
		59C309A42964F180007886FD /* PBXContainerItemProxy */ = {
			isa = PBXContainerItemProxy;
			containerPortal = 59C3097B2964F17F007886FD /* Project object */;
			proxyType = 1;
			remoteGlobalIDString = 59C309822964F17F007886FD;
			remoteInfo = LaniKingstonCoffee;
		};
/* End PBXContainerItemProxy section */

/* Begin PBXFileReference section */
		3E14AB504B38A34518358D06 /* Pods-LaniKingstonCoffee-LaniKingstonCoffeeUITests.debug.xcconfig */ = {isa = PBXFileReference; includeInIndex = 1; lastKnownFileType = text.xcconfig; name = "Pods-LaniKingstonCoffee-LaniKingstonCoffeeUITests.debug.xcconfig"; path = "Target Support Files/Pods-LaniKingstonCoffee-LaniKingstonCoffeeUITests/Pods-LaniKingstonCoffee-LaniKingstonCoffeeUITests.debug.xcconfig"; sourceTree = "<group>"; };
		51DC94D5334BF4862BF67F20 /* Pods-LaniKingstonCoffee-LaniKingstonCoffeeUITests.release.xcconfig */ = {isa = PBXFileReference; includeInIndex = 1; lastKnownFileType = text.xcconfig; name = "Pods-LaniKingstonCoffee-LaniKingstonCoffeeUITests.release.xcconfig"; path = "Target Support Files/Pods-LaniKingstonCoffee-LaniKingstonCoffeeUITests/Pods-LaniKingstonCoffee-LaniKingstonCoffeeUITests.release.xcconfig"; sourceTree = "<group>"; };
		59075100296FEDAA008F587D /* ResultsViewController.swift */ = {isa = PBXFileReference; lastKnownFileType = sourcecode.swift; path = ResultsViewController.swift; sourceTree = "<group>"; };
		5907510229709AC0008F587D /* PlacesFetcher.swift */ = {isa = PBXFileReference; lastKnownFileType = sourcecode.swift; path = PlacesFetcher.swift; sourceTree = "<group>"; };
		590751042970A2CF008F587D /* PlaceError.swift */ = {isa = PBXFileReference; lastKnownFileType = sourcecode.swift; path = PlaceError.swift; sourceTree = "<group>"; };
		590751062974CC09008F587D /* CafeDetailViewController.swift */ = {isa = PBXFileReference; lastKnownFileType = sourcecode.swift; path = CafeDetailViewController.swift; sourceTree = "<group>"; };
		5907510E297899A5008F587D /* LocationService.swift */ = {isa = PBXFileReference; lastKnownFileType = sourcecode.swift; path = LocationService.swift; sourceTree = "<group>"; };
		590CE5532968E2AF0061870B /* CustomTabBarController.swift */ = {isa = PBXFileReference; lastKnownFileType = sourcecode.swift; path = CustomTabBarController.swift; sourceTree = "<group>"; };
		590CE5552968E3910061870B /* AboutViewController.swift */ = {isa = PBXFileReference; lastKnownFileType = sourcecode.swift; path = AboutViewController.swift; sourceTree = "<group>"; };
		590CE5572968E3BD0061870B /* FeaturedViewController.swift */ = {isa = PBXFileReference; lastKnownFileType = sourcecode.swift; path = FeaturedViewController.swift; sourceTree = "<group>"; };
		590CE5592968F8520061870B /* MapViewController.swift */ = {isa = PBXFileReference; lastKnownFileType = sourcecode.swift; path = MapViewController.swift; sourceTree = "<group>"; };
		590CE55B2968F8600061870B /* ListViewController.swift */ = {isa = PBXFileReference; lastKnownFileType = sourcecode.swift; path = ListViewController.swift; sourceTree = "<group>"; };
		590CE55E2969182A0061870B /* ListTableViewCell.swift */ = {isa = PBXFileReference; lastKnownFileType = sourcecode.swift; path = ListTableViewCell.swift; sourceTree = "<group>"; };
		597100D229655F8B008A0E5D /* HomeViewController.swift */ = {isa = PBXFileReference; lastKnownFileType = sourcecode.swift; path = HomeViewController.swift; sourceTree = "<group>"; };
		597100D529656484008A0E5D /* Cafe.swift */ = {isa = PBXFileReference; lastKnownFileType = sourcecode.swift; path = Cafe.swift; sourceTree = "<group>"; };
		597100D82965FA25008A0E5D /* CafeController.swift */ = {isa = PBXFileReference; lastKnownFileType = sourcecode.swift; path = CafeController.swift; sourceTree = "<group>"; };
		59C309832964F17F007886FD /* LaniKingstonCoffee.app */ = {isa = PBXFileReference; explicitFileType = wrapper.application; includeInIndex = 0; path = LaniKingstonCoffee.app; sourceTree = BUILT_PRODUCTS_DIR; };
		59C309862964F17F007886FD /* AppDelegate.swift */ = {isa = PBXFileReference; lastKnownFileType = sourcecode.swift; path = AppDelegate.swift; sourceTree = "<group>"; };
		59C309882964F17F007886FD /* SceneDelegate.swift */ = {isa = PBXFileReference; lastKnownFileType = sourcecode.swift; path = SceneDelegate.swift; sourceTree = "<group>"; };
		59C3098D2964F17F007886FD /* Base */ = {isa = PBXFileReference; lastKnownFileType = file.storyboard; name = Base; path = Base.lproj/Main.storyboard; sourceTree = "<group>"; };
		59C3098F2964F180007886FD /* Assets.xcassets */ = {isa = PBXFileReference; lastKnownFileType = folder.assetcatalog; path = Assets.xcassets; sourceTree = "<group>"; };
		59C309922964F180007886FD /* Base */ = {isa = PBXFileReference; lastKnownFileType = file.storyboard; name = Base; path = Base.lproj/LaunchScreen.storyboard; sourceTree = "<group>"; };
		59C309942964F180007886FD /* Info.plist */ = {isa = PBXFileReference; lastKnownFileType = text.plist.xml; path = Info.plist; sourceTree = "<group>"; };
		59C309992964F180007886FD /* LaniKingstonCoffeeTests.xctest */ = {isa = PBXFileReference; explicitFileType = wrapper.cfbundle; includeInIndex = 0; path = LaniKingstonCoffeeTests.xctest; sourceTree = BUILT_PRODUCTS_DIR; };
		59C3099D2964F180007886FD /* LaniKingstonCoffeeTests.swift */ = {isa = PBXFileReference; lastKnownFileType = sourcecode.swift; path = LaniKingstonCoffeeTests.swift; sourceTree = "<group>"; };
		59C309A32964F180007886FD /* LaniKingstonCoffeeUITests.xctest */ = {isa = PBXFileReference; explicitFileType = wrapper.cfbundle; includeInIndex = 0; path = LaniKingstonCoffeeUITests.xctest; sourceTree = BUILT_PRODUCTS_DIR; };
		59C309A72964F181007886FD /* LaniKingstonCoffeeUITests.swift */ = {isa = PBXFileReference; lastKnownFileType = sourcecode.swift; path = LaniKingstonCoffeeUITests.swift; sourceTree = "<group>"; };
		59C309A92964F181007886FD /* LaniKingstonCoffeeUITestsLaunchTests.swift */ = {isa = PBXFileReference; lastKnownFileType = sourcecode.swift; path = LaniKingstonCoffeeUITestsLaunchTests.swift; sourceTree = "<group>"; };
		59C309BB2964F1FF007886FD /* GoogleService-Info.plist */ = {isa = PBXFileReference; fileEncoding = 4; lastKnownFileType = text.plist.xml; name = "GoogleService-Info.plist"; path = "../../../../../Downloads/GoogleService-Info.plist"; sourceTree = "<group>"; };
		59C770BE296CD26000C2608B /* CafeErrors.swift */ = {isa = PBXFileReference; lastKnownFileType = sourcecode.swift; path = CafeErrors.swift; sourceTree = "<group>"; };
		60C1640C15ACDA425326233E /* Pods-LaniKingstonCoffeeTests.debug.xcconfig */ = {isa = PBXFileReference; includeInIndex = 1; lastKnownFileType = text.xcconfig; name = "Pods-LaniKingstonCoffeeTests.debug.xcconfig"; path = "Target Support Files/Pods-LaniKingstonCoffeeTests/Pods-LaniKingstonCoffeeTests.debug.xcconfig"; sourceTree = "<group>"; };
		6D66E00A7D4E35BD479BAC0E /* Pods_LaniKingstonCoffee_LaniKingstonCoffeeUITests.framework */ = {isa = PBXFileReference; explicitFileType = wrapper.framework; includeInIndex = 0; path = Pods_LaniKingstonCoffee_LaniKingstonCoffeeUITests.framework; sourceTree = BUILT_PRODUCTS_DIR; };
		7BF88DCD5C99FC0C41CC37F8 /* Pods_LaniKingstonCoffeeTests.framework */ = {isa = PBXFileReference; explicitFileType = wrapper.framework; includeInIndex = 0; path = Pods_LaniKingstonCoffeeTests.framework; sourceTree = BUILT_PRODUCTS_DIR; };
		80C8CCE529D724FC096B9D4E /* Pods-LaniKingstonCoffee.release.xcconfig */ = {isa = PBXFileReference; includeInIndex = 1; lastKnownFileType = text.xcconfig; name = "Pods-LaniKingstonCoffee.release.xcconfig"; path = "Target Support Files/Pods-LaniKingstonCoffee/Pods-LaniKingstonCoffee.release.xcconfig"; sourceTree = "<group>"; };
		C0999CDF339970A308FFC7F8 /* Pods-LaniKingstonCoffee.debug.xcconfig */ = {isa = PBXFileReference; includeInIndex = 1; lastKnownFileType = text.xcconfig; name = "Pods-LaniKingstonCoffee.debug.xcconfig"; path = "Target Support Files/Pods-LaniKingstonCoffee/Pods-LaniKingstonCoffee.debug.xcconfig"; sourceTree = "<group>"; };
		DFF5504C2AA03860CF139279 /* Pods_LaniKingstonCoffee.framework */ = {isa = PBXFileReference; explicitFileType = wrapper.framework; includeInIndex = 0; path = Pods_LaniKingstonCoffee.framework; sourceTree = BUILT_PRODUCTS_DIR; };
		F31DD6979BACC36901F38A04 /* Pods-LaniKingstonCoffeeTests.release.xcconfig */ = {isa = PBXFileReference; includeInIndex = 1; lastKnownFileType = text.xcconfig; name = "Pods-LaniKingstonCoffeeTests.release.xcconfig"; path = "Target Support Files/Pods-LaniKingstonCoffeeTests/Pods-LaniKingstonCoffeeTests.release.xcconfig"; sourceTree = "<group>"; };
/* End PBXFileReference section */

/* Begin PBXFrameworksBuildPhase section */
		59C309802964F17F007886FD /* Frameworks */ = {
			isa = PBXFrameworksBuildPhase;
			buildActionMask = 2147483647;
			files = (
				43C14407F9B7EE4DDE6AA616 /* Pods_LaniKingstonCoffee.framework in Frameworks */,
			);
			runOnlyForDeploymentPostprocessing = 0;
		};
		59C309962964F180007886FD /* Frameworks */ = {
			isa = PBXFrameworksBuildPhase;
			buildActionMask = 2147483647;
			files = (
				036A771E17854EDCD5CE11B1 /* Pods_LaniKingstonCoffeeTests.framework in Frameworks */,
			);
			runOnlyForDeploymentPostprocessing = 0;
		};
		59C309A02964F180007886FD /* Frameworks */ = {
			isa = PBXFrameworksBuildPhase;
			buildActionMask = 2147483647;
			files = (
				36582D22E287662507389B76 /* Pods_LaniKingstonCoffee_LaniKingstonCoffeeUITests.framework in Frameworks */,
			);
			runOnlyForDeploymentPostprocessing = 0;
		};
/* End PBXFrameworksBuildPhase section */

/* Begin PBXGroup section */
		590CE5522968E2950061870B /* CustomViewControllers */ = {
			isa = PBXGroup;
			children = (
				590CE5532968E2AF0061870B /* CustomTabBarController.swift */,
				590CE5592968F8520061870B /* MapViewController.swift */,
				590CE55B2968F8600061870B /* ListViewController.swift */,
				59075100296FEDAA008F587D /* ResultsViewController.swift */,
				590751062974CC09008F587D /* CafeDetailViewController.swift */,
			);
			path = CustomViewControllers;
			sourceTree = "<group>";
		};
		590CE55D296917F50061870B /* CustomCells */ = {
			isa = PBXGroup;
			children = (
				590CE55E2969182A0061870B /* ListTableViewCell.swift */,
			);
			name = CustomCells;
			sourceTree = "<group>";
		};
		597100D429656466008A0E5D /* Models */ = {
			isa = PBXGroup;
			children = (
				597100D529656484008A0E5D /* Cafe.swift */,
			);
			path = Models;
			sourceTree = "<group>";
		};
		597100D72965FA09008A0E5D /* ModelControllers */ = {
			isa = PBXGroup;
			children = (
				597100D82965FA25008A0E5D /* CafeController.swift */,
				5907510229709AC0008F587D /* PlacesFetcher.swift */,
			);
			path = ModelControllers;
			sourceTree = "<group>";
		};
		59C3097A2964F17F007886FD = {
			isa = PBXGroup;
			children = (
				59C309852964F17F007886FD /* LaniKingstonCoffee */,
				59C3099C2964F180007886FD /* LaniKingstonCoffeeTests */,
				59C309A62964F181007886FD /* LaniKingstonCoffeeUITests */,
				59C309842964F17F007886FD /* Products */,
				6B1A3DACAECA792CB7EE90A5 /* Pods */,
				5B9C2DD774E71684AC393212 /* Frameworks */,
			);
			sourceTree = "<group>";
		};
		59C309842964F17F007886FD /* Products */ = {
			isa = PBXGroup;
			children = (
				59C309832964F17F007886FD /* LaniKingstonCoffee.app */,
				59C309992964F180007886FD /* LaniKingstonCoffeeTests.xctest */,
				59C309A32964F180007886FD /* LaniKingstonCoffeeUITests.xctest */,
			);
			name = Products;
			sourceTree = "<group>";
		};
		59C309852964F17F007886FD /* LaniKingstonCoffee */ = {
			isa = PBXGroup;
			children = (
				59C309B92964F1B1007886FD /* Storyboards */,
				59C309BA2964F1CC007886FD /* ViewControllers */,
				590CE5522968E2950061870B /* CustomViewControllers */,
				590CE55D296917F50061870B /* CustomCells */,
				597100D72965FA09008A0E5D /* ModelControllers */,
				597100D429656466008A0E5D /* Models */,
				59C770BD296CD24500C2608B /* Helpers */,
				59C309B62964F195007886FD /* Resources */,
			);
			path = LaniKingstonCoffee;
			sourceTree = "<group>";
		};
		59C3099C2964F180007886FD /* LaniKingstonCoffeeTests */ = {
			isa = PBXGroup;
			children = (
				59C3099D2964F180007886FD /* LaniKingstonCoffeeTests.swift */,
			);
			path = LaniKingstonCoffeeTests;
			sourceTree = "<group>";
		};
		59C309A62964F181007886FD /* LaniKingstonCoffeeUITests */ = {
			isa = PBXGroup;
			children = (
				59C309A72964F181007886FD /* LaniKingstonCoffeeUITests.swift */,
				59C309A92964F181007886FD /* LaniKingstonCoffeeUITestsLaunchTests.swift */,
			);
			path = LaniKingstonCoffeeUITests;
			sourceTree = "<group>";
		};
		59C309B62964F195007886FD /* Resources */ = {
			isa = PBXGroup;
			children = (
				59C309862964F17F007886FD /* AppDelegate.swift */,
				59C309882964F17F007886FD /* SceneDelegate.swift */,
				59C3098F2964F180007886FD /* Assets.xcassets */,
				59C309942964F180007886FD /* Info.plist */,
				59C309BB2964F1FF007886FD /* GoogleService-Info.plist */,
			);
			path = Resources;
			sourceTree = "<group>";
		};
		59C309B92964F1B1007886FD /* Storyboards */ = {
			isa = PBXGroup;
			children = (
				59C3098C2964F17F007886FD /* Main.storyboard */,
				59C309912964F180007886FD /* LaunchScreen.storyboard */,
			);
			path = Storyboards;
			sourceTree = "<group>";
		};
		59C309BA2964F1CC007886FD /* ViewControllers */ = {
			isa = PBXGroup;
			children = (
				597100D229655F8B008A0E5D /* HomeViewController.swift */,
				590CE5552968E3910061870B /* AboutViewController.swift */,
				590CE5572968E3BD0061870B /* FeaturedViewController.swift */,
			);
			path = ViewControllers;
			sourceTree = "<group>";
		};
		59C770BD296CD24500C2608B /* Helpers */ = {
			isa = PBXGroup;
			children = (
				59C770BE296CD26000C2608B /* CafeErrors.swift */,
				590751042970A2CF008F587D /* PlaceError.swift */,
				5907510E297899A5008F587D /* LocationService.swift */,
			);
			path = Helpers;
			sourceTree = "<group>";
		};
		5B9C2DD774E71684AC393212 /* Frameworks */ = {
			isa = PBXGroup;
			children = (
				DFF5504C2AA03860CF139279 /* Pods_LaniKingstonCoffee.framework */,
				6D66E00A7D4E35BD479BAC0E /* Pods_LaniKingstonCoffee_LaniKingstonCoffeeUITests.framework */,
				7BF88DCD5C99FC0C41CC37F8 /* Pods_LaniKingstonCoffeeTests.framework */,
			);
			name = Frameworks;
			sourceTree = "<group>";
		};
		6B1A3DACAECA792CB7EE90A5 /* Pods */ = {
			isa = PBXGroup;
			children = (
				C0999CDF339970A308FFC7F8 /* Pods-LaniKingstonCoffee.debug.xcconfig */,
				80C8CCE529D724FC096B9D4E /* Pods-LaniKingstonCoffee.release.xcconfig */,
				3E14AB504B38A34518358D06 /* Pods-LaniKingstonCoffee-LaniKingstonCoffeeUITests.debug.xcconfig */,
				51DC94D5334BF4862BF67F20 /* Pods-LaniKingstonCoffee-LaniKingstonCoffeeUITests.release.xcconfig */,
				60C1640C15ACDA425326233E /* Pods-LaniKingstonCoffeeTests.debug.xcconfig */,
				F31DD6979BACC36901F38A04 /* Pods-LaniKingstonCoffeeTests.release.xcconfig */,
			);
			path = Pods;
			sourceTree = "<group>";
		};
/* End PBXGroup section */

/* Begin PBXNativeTarget section */
		59C309822964F17F007886FD /* LaniKingstonCoffee */ = {
			isa = PBXNativeTarget;
			buildConfigurationList = 59C309AD2964F181007886FD /* Build configuration list for PBXNativeTarget "LaniKingstonCoffee" */;
			buildPhases = (
				391EC4C8741B2D0909F54D66 /* [CP] Check Pods Manifest.lock */,
				59C3097F2964F17F007886FD /* Sources */,
				59C309802964F17F007886FD /* Frameworks */,
				59C309812964F17F007886FD /* Resources */,
				88C820A7D184F1A2C9D6D384 /* [CP] Embed Pods Frameworks */,
				EF92A8CC52CF3F03083E00D5 /* [CP] Copy Pods Resources */,
			);
			buildRules = (
			);
			dependencies = (
			);
			name = LaniKingstonCoffee;
			productName = LaniKingstonCoffee;
			productReference = 59C309832964F17F007886FD /* LaniKingstonCoffee.app */;
			productType = "com.apple.product-type.application";
		};
		59C309982964F180007886FD /* LaniKingstonCoffeeTests */ = {
			isa = PBXNativeTarget;
			buildConfigurationList = 59C309B02964F181007886FD /* Build configuration list for PBXNativeTarget "LaniKingstonCoffeeTests" */;
			buildPhases = (
				AFAF02C910A7E3EEE48D141F /* [CP] Check Pods Manifest.lock */,
				59C309952964F180007886FD /* Sources */,
				59C309962964F180007886FD /* Frameworks */,
				59C309972964F180007886FD /* Resources */,
			);
			buildRules = (
			);
			dependencies = (
				59C3099B2964F180007886FD /* PBXTargetDependency */,
			);
			name = LaniKingstonCoffeeTests;
			productName = LaniKingstonCoffeeTests;
			productReference = 59C309992964F180007886FD /* LaniKingstonCoffeeTests.xctest */;
			productType = "com.apple.product-type.bundle.unit-test";
		};
		59C309A22964F180007886FD /* LaniKingstonCoffeeUITests */ = {
			isa = PBXNativeTarget;
			buildConfigurationList = 59C309B32964F181007886FD /* Build configuration list for PBXNativeTarget "LaniKingstonCoffeeUITests" */;
			buildPhases = (
				3D394EFC7B141918A40FF20B /* [CP] Check Pods Manifest.lock */,
				59C3099F2964F180007886FD /* Sources */,
				59C309A02964F180007886FD /* Frameworks */,
				59C309A12964F180007886FD /* Resources */,
				F04152C7338FC7E971F1D1E5 /* [CP] Embed Pods Frameworks */,
				1B8FD8184625AC05C02526ED /* [CP] Copy Pods Resources */,
			);
			buildRules = (
			);
			dependencies = (
				59C309A52964F180007886FD /* PBXTargetDependency */,
			);
			name = LaniKingstonCoffeeUITests;
			productName = LaniKingstonCoffeeUITests;
			productReference = 59C309A32964F180007886FD /* LaniKingstonCoffeeUITests.xctest */;
			productType = "com.apple.product-type.bundle.ui-testing";
		};
/* End PBXNativeTarget section */

/* Begin PBXProject section */
		59C3097B2964F17F007886FD /* Project object */ = {
			isa = PBXProject;
			attributes = {
				BuildIndependentTargetsInParallel = 1;
				LastSwiftUpdateCheck = 1420;
				LastUpgradeCheck = 1420;
				TargetAttributes = {
					59C309822964F17F007886FD = {
						CreatedOnToolsVersion = 14.2;
					};
					59C309982964F180007886FD = {
						CreatedOnToolsVersion = 14.2;
						TestTargetID = 59C309822964F17F007886FD;
					};
					59C309A22964F180007886FD = {
						CreatedOnToolsVersion = 14.2;
						TestTargetID = 59C309822964F17F007886FD;
					};
				};
			};
			buildConfigurationList = 59C3097E2964F17F007886FD /* Build configuration list for PBXProject "LaniKingstonCoffee" */;
			compatibilityVersion = "Xcode 14.0";
			developmentRegion = en;
			hasScannedForEncodings = 0;
			knownRegions = (
				en,
				Base,
			);
			mainGroup = 59C3097A2964F17F007886FD;
			productRefGroup = 59C309842964F17F007886FD /* Products */;
			projectDirPath = "";
			projectRoot = "";
			targets = (
				59C309822964F17F007886FD /* LaniKingstonCoffee */,
				59C309982964F180007886FD /* LaniKingstonCoffeeTests */,
				59C309A22964F180007886FD /* LaniKingstonCoffeeUITests */,
			);
		};
/* End PBXProject section */

/* Begin PBXResourcesBuildPhase section */
		59C309812964F17F007886FD /* Resources */ = {
			isa = PBXResourcesBuildPhase;
			buildActionMask = 2147483647;
			files = (
				59C309932964F180007886FD /* LaunchScreen.storyboard in Resources */,
				59C309BC2964F1FF007886FD /* GoogleService-Info.plist in Resources */,
				59C309902964F180007886FD /* Assets.xcassets in Resources */,
				59C3098E2964F17F007886FD /* Main.storyboard in Resources */,
			);
			runOnlyForDeploymentPostprocessing = 0;
		};
		59C309972964F180007886FD /* Resources */ = {
			isa = PBXResourcesBuildPhase;
			buildActionMask = 2147483647;
			files = (
			);
			runOnlyForDeploymentPostprocessing = 0;
		};
		59C309A12964F180007886FD /* Resources */ = {
			isa = PBXResourcesBuildPhase;
			buildActionMask = 2147483647;
			files = (
			);
			runOnlyForDeploymentPostprocessing = 0;
		};
/* End PBXResourcesBuildPhase section */

/* Begin PBXShellScriptBuildPhase section */
		1B8FD8184625AC05C02526ED /* [CP] Copy Pods Resources */ = {
			isa = PBXShellScriptBuildPhase;
			buildActionMask = 2147483647;
			files = (
			);
			inputFileListPaths = (
				"${PODS_ROOT}/Target Support Files/Pods-LaniKingstonCoffee-LaniKingstonCoffeeUITests/Pods-LaniKingstonCoffee-LaniKingstonCoffeeUITests-resources-${CONFIGURATION}-input-files.xcfilelist",
			);
			name = "[CP] Copy Pods Resources";
			outputFileListPaths = (
				"${PODS_ROOT}/Target Support Files/Pods-LaniKingstonCoffee-LaniKingstonCoffeeUITests/Pods-LaniKingstonCoffee-LaniKingstonCoffeeUITests-resources-${CONFIGURATION}-output-files.xcfilelist",
			);
			runOnlyForDeploymentPostprocessing = 0;
			shellPath = /bin/sh;
			shellScript = "\"${PODS_ROOT}/Target Support Files/Pods-LaniKingstonCoffee-LaniKingstonCoffeeUITests/Pods-LaniKingstonCoffee-LaniKingstonCoffeeUITests-resources.sh\"\n";
			showEnvVarsInLog = 0;
		};
		391EC4C8741B2D0909F54D66 /* [CP] Check Pods Manifest.lock */ = {
			isa = PBXShellScriptBuildPhase;
			buildActionMask = 2147483647;
			files = (
			);
			inputFileListPaths = (
			);
			inputPaths = (
				"${PODS_PODFILE_DIR_PATH}/Podfile.lock",
				"${PODS_ROOT}/Manifest.lock",
			);
			name = "[CP] Check Pods Manifest.lock";
			outputFileListPaths = (
			);
			outputPaths = (
				"$(DERIVED_FILE_DIR)/Pods-LaniKingstonCoffee-checkManifestLockResult.txt",
			);
			runOnlyForDeploymentPostprocessing = 0;
			shellPath = /bin/sh;
			shellScript = "diff \"${PODS_PODFILE_DIR_PATH}/Podfile.lock\" \"${PODS_ROOT}/Manifest.lock\" > /dev/null\nif [ $? != 0 ] ; then\n    # print error to STDERR\n    echo \"error: The sandbox is not in sync with the Podfile.lock. Run 'pod install' or update your CocoaPods installation.\" >&2\n    exit 1\nfi\n# This output is used by Xcode 'outputs' to avoid re-running this script phase.\necho \"SUCCESS\" > \"${SCRIPT_OUTPUT_FILE_0}\"\n";
			showEnvVarsInLog = 0;
		};
		3D394EFC7B141918A40FF20B /* [CP] Check Pods Manifest.lock */ = {
			isa = PBXShellScriptBuildPhase;
			buildActionMask = 2147483647;
			files = (
			);
			inputFileListPaths = (
			);
			inputPaths = (
				"${PODS_PODFILE_DIR_PATH}/Podfile.lock",
				"${PODS_ROOT}/Manifest.lock",
			);
			name = "[CP] Check Pods Manifest.lock";
			outputFileListPaths = (
			);
			outputPaths = (
				"$(DERIVED_FILE_DIR)/Pods-LaniKingstonCoffee-LaniKingstonCoffeeUITests-checkManifestLockResult.txt",
			);
			runOnlyForDeploymentPostprocessing = 0;
			shellPath = /bin/sh;
			shellScript = "diff \"${PODS_PODFILE_DIR_PATH}/Podfile.lock\" \"${PODS_ROOT}/Manifest.lock\" > /dev/null\nif [ $? != 0 ] ; then\n    # print error to STDERR\n    echo \"error: The sandbox is not in sync with the Podfile.lock. Run 'pod install' or update your CocoaPods installation.\" >&2\n    exit 1\nfi\n# This output is used by Xcode 'outputs' to avoid re-running this script phase.\necho \"SUCCESS\" > \"${SCRIPT_OUTPUT_FILE_0}\"\n";
			showEnvVarsInLog = 0;
		};
		88C820A7D184F1A2C9D6D384 /* [CP] Embed Pods Frameworks */ = {
			isa = PBXShellScriptBuildPhase;
			buildActionMask = 2147483647;
			files = (
			);
			inputFileListPaths = (
				"${PODS_ROOT}/Target Support Files/Pods-LaniKingstonCoffee/Pods-LaniKingstonCoffee-frameworks-${CONFIGURATION}-input-files.xcfilelist",
			);
			name = "[CP] Embed Pods Frameworks";
			outputFileListPaths = (
				"${PODS_ROOT}/Target Support Files/Pods-LaniKingstonCoffee/Pods-LaniKingstonCoffee-frameworks-${CONFIGURATION}-output-files.xcfilelist",
			);
			runOnlyForDeploymentPostprocessing = 0;
			shellPath = /bin/sh;
			shellScript = "\"${PODS_ROOT}/Target Support Files/Pods-LaniKingstonCoffee/Pods-LaniKingstonCoffee-frameworks.sh\"\n";
			showEnvVarsInLog = 0;
		};
		AFAF02C910A7E3EEE48D141F /* [CP] Check Pods Manifest.lock */ = {
			isa = PBXShellScriptBuildPhase;
			buildActionMask = 2147483647;
			files = (
			);
			inputFileListPaths = (
			);
			inputPaths = (
				"${PODS_PODFILE_DIR_PATH}/Podfile.lock",
				"${PODS_ROOT}/Manifest.lock",
			);
			name = "[CP] Check Pods Manifest.lock";
			outputFileListPaths = (
			);
			outputPaths = (
				"$(DERIVED_FILE_DIR)/Pods-LaniKingstonCoffeeTests-checkManifestLockResult.txt",
			);
			runOnlyForDeploymentPostprocessing = 0;
			shellPath = /bin/sh;
			shellScript = "diff \"${PODS_PODFILE_DIR_PATH}/Podfile.lock\" \"${PODS_ROOT}/Manifest.lock\" > /dev/null\nif [ $? != 0 ] ; then\n    # print error to STDERR\n    echo \"error: The sandbox is not in sync with the Podfile.lock. Run 'pod install' or update your CocoaPods installation.\" >&2\n    exit 1\nfi\n# This output is used by Xcode 'outputs' to avoid re-running this script phase.\necho \"SUCCESS\" > \"${SCRIPT_OUTPUT_FILE_0}\"\n";
			showEnvVarsInLog = 0;
		};
		EF92A8CC52CF3F03083E00D5 /* [CP] Copy Pods Resources */ = {
			isa = PBXShellScriptBuildPhase;
			buildActionMask = 2147483647;
			files = (
			);
			inputFileListPaths = (
				"${PODS_ROOT}/Target Support Files/Pods-LaniKingstonCoffee/Pods-LaniKingstonCoffee-resources-${CONFIGURATION}-input-files.xcfilelist",
			);
			name = "[CP] Copy Pods Resources";
			outputFileListPaths = (
				"${PODS_ROOT}/Target Support Files/Pods-LaniKingstonCoffee/Pods-LaniKingstonCoffee-resources-${CONFIGURATION}-output-files.xcfilelist",
			);
			runOnlyForDeploymentPostprocessing = 0;
			shellPath = /bin/sh;
			shellScript = "\"${PODS_ROOT}/Target Support Files/Pods-LaniKingstonCoffee/Pods-LaniKingstonCoffee-resources.sh\"\n";
			showEnvVarsInLog = 0;
		};
		F04152C7338FC7E971F1D1E5 /* [CP] Embed Pods Frameworks */ = {
			isa = PBXShellScriptBuildPhase;
			buildActionMask = 2147483647;
			files = (
			);
			inputFileListPaths = (
				"${PODS_ROOT}/Target Support Files/Pods-LaniKingstonCoffee-LaniKingstonCoffeeUITests/Pods-LaniKingstonCoffee-LaniKingstonCoffeeUITests-frameworks-${CONFIGURATION}-input-files.xcfilelist",
			);
			name = "[CP] Embed Pods Frameworks";
			outputFileListPaths = (
				"${PODS_ROOT}/Target Support Files/Pods-LaniKingstonCoffee-LaniKingstonCoffeeUITests/Pods-LaniKingstonCoffee-LaniKingstonCoffeeUITests-frameworks-${CONFIGURATION}-output-files.xcfilelist",
			);
			runOnlyForDeploymentPostprocessing = 0;
			shellPath = /bin/sh;
			shellScript = "\"${PODS_ROOT}/Target Support Files/Pods-LaniKingstonCoffee-LaniKingstonCoffeeUITests/Pods-LaniKingstonCoffee-LaniKingstonCoffeeUITests-frameworks.sh\"\n";
			showEnvVarsInLog = 0;
		};
/* End PBXShellScriptBuildPhase section */

/* Begin PBXSourcesBuildPhase section */
		59C3097F2964F17F007886FD /* Sources */ = {
			isa = PBXSourcesBuildPhase;
			buildActionMask = 2147483647;
			files = (
				597100D629656484008A0E5D /* Cafe.swift in Sources */,
				590CE5542968E2AF0061870B /* CustomTabBarController.swift in Sources */,
				590751052970A2CF008F587D /* PlaceError.swift in Sources */,
				590751072974CC09008F587D /* CafeDetailViewController.swift in Sources */,
				59C309872964F17F007886FD /* AppDelegate.swift in Sources */,
				590CE55A2968F8520061870B /* MapViewController.swift in Sources */,
				59C309892964F17F007886FD /* SceneDelegate.swift in Sources */,
				590CE55F2969182A0061870B /* ListTableViewCell.swift in Sources */,
				590CE55C2968F8600061870B /* ListViewController.swift in Sources */,
				5907510329709AC0008F587D /* PlacesFetcher.swift in Sources */,
				590CE5582968E3BD0061870B /* FeaturedViewController.swift in Sources */,
				5907510F297899A5008F587D /* LocationService.swift in Sources */,
				59075101296FEDAA008F587D /* ResultsViewController.swift in Sources */,
				597100D92965FA26008A0E5D /* CafeController.swift in Sources */,
				597100D329655F8B008A0E5D /* HomeViewController.swift in Sources */,
				590CE5562968E3910061870B /* AboutViewController.swift in Sources */,
				59C770BF296CD26000C2608B /* CafeErrors.swift in Sources */,
			);
			runOnlyForDeploymentPostprocessing = 0;
		};
		59C309952964F180007886FD /* Sources */ = {
			isa = PBXSourcesBuildPhase;
			buildActionMask = 2147483647;
			files = (
				59C3099E2964F180007886FD /* LaniKingstonCoffeeTests.swift in Sources */,
			);
			runOnlyForDeploymentPostprocessing = 0;
		};
		59C3099F2964F180007886FD /* Sources */ = {
			isa = PBXSourcesBuildPhase;
			buildActionMask = 2147483647;
			files = (
				59C309A82964F181007886FD /* LaniKingstonCoffeeUITests.swift in Sources */,
				59C309AA2964F181007886FD /* LaniKingstonCoffeeUITestsLaunchTests.swift in Sources */,
			);
			runOnlyForDeploymentPostprocessing = 0;
		};
/* End PBXSourcesBuildPhase section */

/* Begin PBXTargetDependency section */
		59C3099B2964F180007886FD /* PBXTargetDependency */ = {
			isa = PBXTargetDependency;
			target = 59C309822964F17F007886FD /* LaniKingstonCoffee */;
			targetProxy = 59C3099A2964F180007886FD /* PBXContainerItemProxy */;
		};
		59C309A52964F180007886FD /* PBXTargetDependency */ = {
			isa = PBXTargetDependency;
			target = 59C309822964F17F007886FD /* LaniKingstonCoffee */;
			targetProxy = 59C309A42964F180007886FD /* PBXContainerItemProxy */;
		};
/* End PBXTargetDependency section */

/* Begin PBXVariantGroup section */
		59C3098C2964F17F007886FD /* Main.storyboard */ = {
			isa = PBXVariantGroup;
			children = (
				59C3098D2964F17F007886FD /* Base */,
			);
			name = Main.storyboard;
			sourceTree = "<group>";
		};
		59C309912964F180007886FD /* LaunchScreen.storyboard */ = {
			isa = PBXVariantGroup;
			children = (
				59C309922964F180007886FD /* Base */,
			);
			name = LaunchScreen.storyboard;
			sourceTree = "<group>";
		};
/* End PBXVariantGroup section */

/* Begin XCBuildConfiguration section */
		59C309AB2964F181007886FD /* Debug */ = {
			isa = XCBuildConfiguration;
			buildSettings = {
				ALWAYS_SEARCH_USER_PATHS = NO;
				CLANG_ANALYZER_NONNULL = YES;
				CLANG_ANALYZER_NUMBER_OBJECT_CONVERSION = YES_AGGRESSIVE;
				CLANG_CXX_LANGUAGE_STANDARD = "gnu++20";
				CLANG_ENABLE_MODULES = YES;
				CLANG_ENABLE_OBJC_ARC = YES;
				CLANG_ENABLE_OBJC_WEAK = YES;
				CLANG_WARN_BLOCK_CAPTURE_AUTORELEASING = YES;
				CLANG_WARN_BOOL_CONVERSION = YES;
				CLANG_WARN_COMMA = YES;
				CLANG_WARN_CONSTANT_CONVERSION = YES;
				CLANG_WARN_DEPRECATED_OBJC_IMPLEMENTATIONS = YES;
				CLANG_WARN_DIRECT_OBJC_ISA_USAGE = YES_ERROR;
				CLANG_WARN_DOCUMENTATION_COMMENTS = YES;
				CLANG_WARN_EMPTY_BODY = YES;
				CLANG_WARN_ENUM_CONVERSION = YES;
				CLANG_WARN_INFINITE_RECURSION = YES;
				CLANG_WARN_INT_CONVERSION = YES;
				CLANG_WARN_NON_LITERAL_NULL_CONVERSION = YES;
				CLANG_WARN_OBJC_IMPLICIT_RETAIN_SELF = YES;
				CLANG_WARN_OBJC_LITERAL_CONVERSION = YES;
				CLANG_WARN_OBJC_ROOT_CLASS = YES_ERROR;
				CLANG_WARN_QUOTED_INCLUDE_IN_FRAMEWORK_HEADER = YES;
				CLANG_WARN_RANGE_LOOP_ANALYSIS = YES;
				CLANG_WARN_STRICT_PROTOTYPES = YES;
				CLANG_WARN_SUSPICIOUS_MOVE = YES;
				CLANG_WARN_UNGUARDED_AVAILABILITY = YES_AGGRESSIVE;
				CLANG_WARN_UNREACHABLE_CODE = YES;
				CLANG_WARN__DUPLICATE_METHOD_MATCH = YES;
				COPY_PHASE_STRIP = NO;
				DEBUG_INFORMATION_FORMAT = dwarf;
				ENABLE_STRICT_OBJC_MSGSEND = YES;
				ENABLE_TESTABILITY = YES;
				GCC_C_LANGUAGE_STANDARD = gnu11;
				GCC_DYNAMIC_NO_PIC = NO;
				GCC_NO_COMMON_BLOCKS = YES;
				GCC_OPTIMIZATION_LEVEL = 0;
				GCC_PREPROCESSOR_DEFINITIONS = (
					"DEBUG=1",
					"$(inherited)",
				);
				GCC_WARN_64_TO_32_BIT_CONVERSION = YES;
				GCC_WARN_ABOUT_RETURN_TYPE = YES_ERROR;
				GCC_WARN_UNDECLARED_SELECTOR = YES;
				GCC_WARN_UNINITIALIZED_AUTOS = YES_AGGRESSIVE;
				GCC_WARN_UNUSED_FUNCTION = YES;
				GCC_WARN_UNUSED_VARIABLE = YES;
				IPHONEOS_DEPLOYMENT_TARGET = 16.2;
				MTL_ENABLE_DEBUG_INFO = INCLUDE_SOURCE;
				MTL_FAST_MATH = YES;
				ONLY_ACTIVE_ARCH = YES;
				SDKROOT = iphoneos;
				SWIFT_ACTIVE_COMPILATION_CONDITIONS = DEBUG;
				SWIFT_OPTIMIZATION_LEVEL = "-Onone";
			};
			name = Debug;
		};
		59C309AC2964F181007886FD /* Release */ = {
			isa = XCBuildConfiguration;
			buildSettings = {
				ALWAYS_SEARCH_USER_PATHS = NO;
				CLANG_ANALYZER_NONNULL = YES;
				CLANG_ANALYZER_NUMBER_OBJECT_CONVERSION = YES_AGGRESSIVE;
				CLANG_CXX_LANGUAGE_STANDARD = "gnu++20";
				CLANG_ENABLE_MODULES = YES;
				CLANG_ENABLE_OBJC_ARC = YES;
				CLANG_ENABLE_OBJC_WEAK = YES;
				CLANG_WARN_BLOCK_CAPTURE_AUTORELEASING = YES;
				CLANG_WARN_BOOL_CONVERSION = YES;
				CLANG_WARN_COMMA = YES;
				CLANG_WARN_CONSTANT_CONVERSION = YES;
				CLANG_WARN_DEPRECATED_OBJC_IMPLEMENTATIONS = YES;
				CLANG_WARN_DIRECT_OBJC_ISA_USAGE = YES_ERROR;
				CLANG_WARN_DOCUMENTATION_COMMENTS = YES;
				CLANG_WARN_EMPTY_BODY = YES;
				CLANG_WARN_ENUM_CONVERSION = YES;
				CLANG_WARN_INFINITE_RECURSION = YES;
				CLANG_WARN_INT_CONVERSION = YES;
				CLANG_WARN_NON_LITERAL_NULL_CONVERSION = YES;
				CLANG_WARN_OBJC_IMPLICIT_RETAIN_SELF = YES;
				CLANG_WARN_OBJC_LITERAL_CONVERSION = YES;
				CLANG_WARN_OBJC_ROOT_CLASS = YES_ERROR;
				CLANG_WARN_QUOTED_INCLUDE_IN_FRAMEWORK_HEADER = YES;
				CLANG_WARN_RANGE_LOOP_ANALYSIS = YES;
				CLANG_WARN_STRICT_PROTOTYPES = YES;
				CLANG_WARN_SUSPICIOUS_MOVE = YES;
				CLANG_WARN_UNGUARDED_AVAILABILITY = YES_AGGRESSIVE;
				CLANG_WARN_UNREACHABLE_CODE = YES;
				CLANG_WARN__DUPLICATE_METHOD_MATCH = YES;
				COPY_PHASE_STRIP = NO;
				DEBUG_INFORMATION_FORMAT = "dwarf-with-dsym";
				ENABLE_NS_ASSERTIONS = NO;
				ENABLE_STRICT_OBJC_MSGSEND = YES;
				GCC_C_LANGUAGE_STANDARD = gnu11;
				GCC_NO_COMMON_BLOCKS = YES;
				GCC_WARN_64_TO_32_BIT_CONVERSION = YES;
				GCC_WARN_ABOUT_RETURN_TYPE = YES_ERROR;
				GCC_WARN_UNDECLARED_SELECTOR = YES;
				GCC_WARN_UNINITIALIZED_AUTOS = YES_AGGRESSIVE;
				GCC_WARN_UNUSED_FUNCTION = YES;
				GCC_WARN_UNUSED_VARIABLE = YES;
				IPHONEOS_DEPLOYMENT_TARGET = 16.2;
				MTL_ENABLE_DEBUG_INFO = NO;
				MTL_FAST_MATH = YES;
				SDKROOT = iphoneos;
				SWIFT_COMPILATION_MODE = wholemodule;
				SWIFT_OPTIMIZATION_LEVEL = "-O";
				VALIDATE_PRODUCT = YES;
			};
			name = Release;
		};
		59C309AE2964F181007886FD /* Debug */ = {
			isa = XCBuildConfiguration;
			baseConfigurationReference = C0999CDF339970A308FFC7F8 /* Pods-LaniKingstonCoffee.debug.xcconfig */;
			buildSettings = {
				ASSETCATALOG_COMPILER_APPICON_NAME = AppIcon;
				ASSETCATALOG_COMPILER_GLOBAL_ACCENT_COLOR_NAME = AccentColor;
				CODE_SIGN_STYLE = Automatic;
				CURRENT_PROJECT_VERSION = 1;
				DEVELOPMENT_TEAM = 8H997XH52S;
				GENERATE_INFOPLIST_FILE = YES;
				INFOPLIST_FILE = LaniKingstonCoffee/Resources/Info.plist;
				INFOPLIST_KEY_NSLocationWhenInUseUsageDescription = "Please allow location access to use our app.";
				INFOPLIST_KEY_UIApplicationSupportsIndirectInputEvents = YES;
				INFOPLIST_KEY_UILaunchStoryboardName = LaunchScreen;
				INFOPLIST_KEY_UIMainStoryboardFile = Main;
				INFOPLIST_KEY_UISupportedInterfaceOrientations_iPad = "UIInterfaceOrientationPortrait UIInterfaceOrientationPortraitUpsideDown UIInterfaceOrientationLandscapeLeft UIInterfaceOrientationLandscapeRight";
				INFOPLIST_KEY_UISupportedInterfaceOrientations_iPhone = "UIInterfaceOrientationPortrait UIInterfaceOrientationLandscapeLeft UIInterfaceOrientationLandscapeRight";
				LD_RUNPATH_SEARCH_PATHS = (
					"$(inherited)",
					"@executable_path/Frameworks",
				);
				MARKETING_VERSION = 1.0;
				PRODUCT_BUNDLE_IDENTIFIER = com.mackenzie.LaniKingstonCoffee;
				PRODUCT_NAME = "$(TARGET_NAME)";
				SWIFT_EMIT_LOC_STRINGS = YES;
				SWIFT_VERSION = 5.0;
				TARGETED_DEVICE_FAMILY = "1,2";
			};
			name = Debug;
		};
		59C309AF2964F181007886FD /* Release */ = {
			isa = XCBuildConfiguration;
			baseConfigurationReference = 80C8CCE529D724FC096B9D4E /* Pods-LaniKingstonCoffee.release.xcconfig */;
			buildSettings = {
				ASSETCATALOG_COMPILER_APPICON_NAME = AppIcon;
				ASSETCATALOG_COMPILER_GLOBAL_ACCENT_COLOR_NAME = AccentColor;
				CODE_SIGN_STYLE = Automatic;
				CURRENT_PROJECT_VERSION = 1;
				DEVELOPMENT_TEAM = 8H997XH52S;
				GENERATE_INFOPLIST_FILE = YES;
				INFOPLIST_FILE = LaniKingstonCoffee/Resources/Info.plist;
				INFOPLIST_KEY_NSLocationWhenInUseUsageDescription = "Please allow location access to use our app.";
				INFOPLIST_KEY_UIApplicationSupportsIndirectInputEvents = YES;
				INFOPLIST_KEY_UILaunchStoryboardName = LaunchScreen;
				INFOPLIST_KEY_UIMainStoryboardFile = Main;
				INFOPLIST_KEY_UISupportedInterfaceOrientations_iPad = "UIInterfaceOrientationPortrait UIInterfaceOrientationPortraitUpsideDown UIInterfaceOrientationLandscapeLeft UIInterfaceOrientationLandscapeRight";
				INFOPLIST_KEY_UISupportedInterfaceOrientations_iPhone = "UIInterfaceOrientationPortrait UIInterfaceOrientationLandscapeLeft UIInterfaceOrientationLandscapeRight";
				LD_RUNPATH_SEARCH_PATHS = (
					"$(inherited)",
					"@executable_path/Frameworks",
				);
				MARKETING_VERSION = 1.0;
				PRODUCT_BUNDLE_IDENTIFIER = com.mackenzie.LaniKingstonCoffee;
				PRODUCT_NAME = "$(TARGET_NAME)";
				SWIFT_EMIT_LOC_STRINGS = YES;
				SWIFT_VERSION = 5.0;
				TARGETED_DEVICE_FAMILY = "1,2";
			};
			name = Release;
		};
		59C309B12964F181007886FD /* Debug */ = {
			isa = XCBuildConfiguration;
			baseConfigurationReference = 60C1640C15ACDA425326233E /* Pods-LaniKingstonCoffeeTests.debug.xcconfig */;
			buildSettings = {
				ALWAYS_EMBED_SWIFT_STANDARD_LIBRARIES = YES;
				BUNDLE_LOADER = "$(TEST_HOST)";
				CODE_SIGN_STYLE = Automatic;
				CURRENT_PROJECT_VERSION = 1;
				DEVELOPMENT_TEAM = 8H997XH52S;
				GENERATE_INFOPLIST_FILE = YES;
				IPHONEOS_DEPLOYMENT_TARGET = 16.2;
				MARKETING_VERSION = 1.0;
				PRODUCT_BUNDLE_IDENTIFIER = com.mackenzie.LaniKingstonCoffeeTests;
				PRODUCT_NAME = "$(TARGET_NAME)";
				SWIFT_EMIT_LOC_STRINGS = NO;
				SWIFT_VERSION = 5.0;
				TARGETED_DEVICE_FAMILY = "1,2";
				TEST_HOST = "$(BUILT_PRODUCTS_DIR)/LaniKingstonCoffee.app/$(BUNDLE_EXECUTABLE_FOLDER_PATH)/LaniKingstonCoffee";
			};
			name = Debug;
		};
		59C309B22964F181007886FD /* Release */ = {
			isa = XCBuildConfiguration;
			baseConfigurationReference = F31DD6979BACC36901F38A04 /* Pods-LaniKingstonCoffeeTests.release.xcconfig */;
			buildSettings = {
				ALWAYS_EMBED_SWIFT_STANDARD_LIBRARIES = YES;
				BUNDLE_LOADER = "$(TEST_HOST)";
				CODE_SIGN_STYLE = Automatic;
				CURRENT_PROJECT_VERSION = 1;
				DEVELOPMENT_TEAM = 8H997XH52S;
				GENERATE_INFOPLIST_FILE = YES;
				IPHONEOS_DEPLOYMENT_TARGET = 16.2;
				MARKETING_VERSION = 1.0;
				PRODUCT_BUNDLE_IDENTIFIER = com.mackenzie.LaniKingstonCoffeeTests;
				PRODUCT_NAME = "$(TARGET_NAME)";
				SWIFT_EMIT_LOC_STRINGS = NO;
				SWIFT_VERSION = 5.0;
				TARGETED_DEVICE_FAMILY = "1,2";
				TEST_HOST = "$(BUILT_PRODUCTS_DIR)/LaniKingstonCoffee.app/$(BUNDLE_EXECUTABLE_FOLDER_PATH)/LaniKingstonCoffee";
			};
			name = Release;
		};
		59C309B42964F181007886FD /* Debug */ = {
			isa = XCBuildConfiguration;
			baseConfigurationReference = 3E14AB504B38A34518358D06 /* Pods-LaniKingstonCoffee-LaniKingstonCoffeeUITests.debug.xcconfig */;
			buildSettings = {
				ALWAYS_EMBED_SWIFT_STANDARD_LIBRARIES = YES;
				CODE_SIGN_STYLE = Automatic;
				CURRENT_PROJECT_VERSION = 1;
				DEVELOPMENT_TEAM = 8H997XH52S;
				GENERATE_INFOPLIST_FILE = YES;
				MARKETING_VERSION = 1.0;
				PRODUCT_BUNDLE_IDENTIFIER = com.mackenzie.LaniKingstonCoffeeUITests;
				PRODUCT_NAME = "$(TARGET_NAME)";
				SWIFT_EMIT_LOC_STRINGS = NO;
				SWIFT_VERSION = 5.0;
				TARGETED_DEVICE_FAMILY = "1,2";
				TEST_TARGET_NAME = LaniKingstonCoffee;
			};
			name = Debug;
		};
		59C309B52964F181007886FD /* Release */ = {
			isa = XCBuildConfiguration;
			baseConfigurationReference = 51DC94D5334BF4862BF67F20 /* Pods-LaniKingstonCoffee-LaniKingstonCoffeeUITests.release.xcconfig */;
			buildSettings = {
				ALWAYS_EMBED_SWIFT_STANDARD_LIBRARIES = YES;
				CODE_SIGN_STYLE = Automatic;
				CURRENT_PROJECT_VERSION = 1;
				DEVELOPMENT_TEAM = 8H997XH52S;
				GENERATE_INFOPLIST_FILE = YES;
				MARKETING_VERSION = 1.0;
				PRODUCT_BUNDLE_IDENTIFIER = com.mackenzie.LaniKingstonCoffeeUITests;
				PRODUCT_NAME = "$(TARGET_NAME)";
				SWIFT_EMIT_LOC_STRINGS = NO;
				SWIFT_VERSION = 5.0;
				TARGETED_DEVICE_FAMILY = "1,2";
				TEST_TARGET_NAME = LaniKingstonCoffee;
			};
			name = Release;
		};
/* End XCBuildConfiguration section */

/* Begin XCConfigurationList section */
		59C3097E2964F17F007886FD /* Build configuration list for PBXProject "LaniKingstonCoffee" */ = {
			isa = XCConfigurationList;
			buildConfigurations = (
				59C309AB2964F181007886FD /* Debug */,
				59C309AC2964F181007886FD /* Release */,
			);
			defaultConfigurationIsVisible = 0;
			defaultConfigurationName = Release;
		};
		59C309AD2964F181007886FD /* Build configuration list for PBXNativeTarget "LaniKingstonCoffee" */ = {
			isa = XCConfigurationList;
			buildConfigurations = (
				59C309AE2964F181007886FD /* Debug */,
				59C309AF2964F181007886FD /* Release */,
			);
			defaultConfigurationIsVisible = 0;
			defaultConfigurationName = Release;
		};
		59C309B02964F181007886FD /* Build configuration list for PBXNativeTarget "LaniKingstonCoffeeTests" */ = {
			isa = XCConfigurationList;
			buildConfigurations = (
				59C309B12964F181007886FD /* Debug */,
				59C309B22964F181007886FD /* Release */,
			);
			defaultConfigurationIsVisible = 0;
			defaultConfigurationName = Release;
		};
		59C309B32964F181007886FD /* Build configuration list for PBXNativeTarget "LaniKingstonCoffeeUITests" */ = {
			isa = XCConfigurationList;
			buildConfigurations = (
				59C309B42964F181007886FD /* Debug */,
				59C309B52964F181007886FD /* Release */,
			);
			defaultConfigurationIsVisible = 0;
			defaultConfigurationName = Release;
		};
/* End XCConfigurationList section */
	};
	rootObject = 59C3097B2964F17F007886FD /* Project object */;
}
