// !$*UTF8*$!
{
	archiveVersion = 1;
	classes = {
	};
	objectVersion = 56;
	objects = {

/* Begin PBXBuildFile section */
		59C309872964F17F007886FD /* AppDelegate.swift in Sources */ = {isa = PBXBuildFile; fileRef = 59C309862964F17F007886FD /* AppDelegate.swift */; };
		59C309892964F17F007886FD /* SceneDelegate.swift in Sources */ = {isa = PBXBuildFile; fileRef = 59C309882964F17F007886FD /* SceneDelegate.swift */; };
		59C3098B2964F17F007886FD /* ViewController.swift in Sources */ = {isa = PBXBuildFile; fileRef = 59C3098A2964F17F007886FD /* ViewController.swift */; };
		59C3098E2964F17F007886FD /* Main.storyboard in Resources */ = {isa = PBXBuildFile; fileRef = 59C3098C2964F17F007886FD /* Main.storyboard */; };
		59C309902964F180007886FD /* Assets.xcassets in Resources */ = {isa = PBXBuildFile; fileRef = 59C3098F2964F180007886FD /* Assets.xcassets */; };
		59C309932964F180007886FD /* LaunchScreen.storyboard in Resources */ = {isa = PBXBuildFile; fileRef = 59C309912964F180007886FD /* LaunchScreen.storyboard */; };
		59C3099E2964F180007886FD /* LaniKingstonCoffeeTests.swift in Sources */ = {isa = PBXBuildFile; fileRef = 59C3099D2964F180007886FD /* LaniKingstonCoffeeTests.swift */; };
		59C309A82964F181007886FD /* LaniKingstonCoffeeUITests.swift in Sources */ = {isa = PBXBuildFile; fileRef = 59C309A72964F181007886FD /* LaniKingstonCoffeeUITests.swift */; };
		59C309AA2964F181007886FD /* LaniKingstonCoffeeUITestsLaunchTests.swift in Sources */ = {isa = PBXBuildFile; fileRef = 59C309A92964F181007886FD /* LaniKingstonCoffeeUITestsLaunchTests.swift */; };
/* End PBXBuildFile section */

/* Begin PBXContainerItemProxy section */
		59C3099A2964F180007886FD /* PBXContainerItemProxy */ = {
			isa = PBXContainerItemProxy;
			containerPortal = 59C3097B2964F17F007886FD /* Project object */;
			proxyType = 1;
			remoteGlobalIDString = 59C309822964F17F007886FD;
			remoteInfo = LaniKingstonCoffee;
		};
		59C309A42964F180007886FD /* PBXContainerItemProxy */ = {
			isa = PBXContainerItemProxy;
			containerPortal = 59C3097B2964F17F007886FD /* Project object */;
			proxyType = 1;
			remoteGlobalIDString = 59C309822964F17F007886FD;
			remoteInfo = LaniKingstonCoffee;
		};
/* End PBXContainerItemProxy section */

/* Begin PBXFileReference section */
		59C309832964F17F007886FD /* LaniKingstonCoffee.app */ = {isa = PBXFileReference; explicitFileType = wrapper.application; includeInIndex = 0; path = LaniKingstonCoffee.app; sourceTree = BUILT_PRODUCTS_DIR; };
		59C309862964F17F007886FD /* AppDelegate.swift */ = {isa = PBXFileReference; lastKnownFileType = sourcecode.swift; path = AppDelegate.swift; sourceTree = "<group>"; };
		59C309882964F17F007886FD /* SceneDelegate.swift */ = {isa = PBXFileReference; lastKnownFileType = sourcecode.swift; path = SceneDelegate.swift; sourceTree = "<group>"; };
		59C3098A2964F17F007886FD /* ViewController.swift */ = {isa = PBXFileReference; lastKnownFileType = sourcecode.swift; path = ViewController.swift; sourceTree = "<group>"; };
		59C3098D2964F17F007886FD /* Base */ = {isa = PBXFileReference; lastKnownFileType = file.storyboard; name = Base; path = Base.lproj/Main.storyboard; sourceTree = "<group>"; };
		59C3098F2964F180007886FD /* Assets.xcassets */ = {isa = PBXFileReference; lastKnownFileType = folder.assetcatalog; path = Assets.xcassets; sourceTree = "<group>"; };
		59C309922964F180007886FD /* Base */ = {isa = PBXFileReference; lastKnownFileType = file.storyboard; name = Base; path = Base.lproj/LaunchScreen.storyboard; sourceTree = "<group>"; };
		59C309942964F180007886FD /* Info.plist */ = {isa = PBXFileReference; lastKnownFileType = text.plist.xml; path = Info.plist; sourceTree = "<group>"; };
		59C309992964F180007886FD /* LaniKingstonCoffeeTests.xctest */ = {isa = PBXFileReference; explicitFileType = wrapper.cfbundle; includeInIndex = 0; path = LaniKingstonCoffeeTests.xctest; sourceTree = BUILT_PRODUCTS_DIR; };
		59C3099D2964F180007886FD /* LaniKingstonCoffeeTests.swift */ = {isa = PBXFileReference; lastKnownFileType = sourcecode.swift; path = LaniKingstonCoffeeTests.swift; sourceTree = "<group>"; };
		59C309A32964F180007886FD /* LaniKingstonCoffeeUITests.xctest */ = {isa = PBXFileReference; explicitFileType = wrapper.cfbundle; includeInIndex = 0; path = LaniKingstonCoffeeUITests.xctest; sourceTree = BUILT_PRODUCTS_DIR; };
		59C309A72964F181007886FD /* LaniKingstonCoffeeUITests.swift */ = {isa = PBXFileReference; lastKnownFileType = sourcecode.swift; path = LaniKingstonCoffeeUITests.swift; sourceTree = "<group>"; };
		59C309A92964F181007886FD /* LaniKingstonCoffeeUITestsLaunchTests.swift */ = {isa = PBXFileReference; lastKnownFileType = sourcecode.swift; path = LaniKingstonCoffeeUITestsLaunchTests.swift; sourceTree = "<group>"; };
/* End PBXFileReference section */

/* Begin PBXFrameworksBuildPhase section */
		59C309802964F17F007886FD /* Frameworks */ = {
			isa = PBXFrameworksBuildPhase;
			buildActionMask = 2147483647;
			files = (
			);
			runOnlyForDeploymentPostprocessing = 0;
		};
		59C309962964F180007886FD /* Frameworks */ = {
			isa = PBXFrameworksBuildPhase;
			buildActionMask = 2147483647;
			files = (
			);
			runOnlyForDeploymentPostprocessing = 0;
		};
		59C309A02964F180007886FD /* Frameworks */ = {
			isa = PBXFrameworksBuildPhase;
			buildActionMask = 2147483647;
			files = (
			);
			runOnlyForDeploymentPostprocessing = 0;
		};
/* End PBXFrameworksBuildPhase section */

/* Begin PBXGroup section */
		59C3097A2964F17F007886FD = {
			isa = PBXGroup;
			children = (
				59C309852964F17F007886FD /* LaniKingstonCoffee */,
				59C3099C2964F180007886FD /* LaniKingstonCoffeeTests */,
				59C309A62964F181007886FD /* LaniKingstonCoffeeUITests */,
				59C309842964F17F007886FD /* Products */,
			);
			sourceTree = "<group>";
		};
		59C309842964F17F007886FD /* Products */ = {
			isa = PBXGroup;
			children = (
				59C309832964F17F007886FD /* LaniKingstonCoffee.app */,
				59C309992964F180007886FD /* LaniKingstonCoffeeTests.xctest */,
				59C309A32964F180007886FD /* LaniKingstonCoffeeUITests.xctest */,
			);
			name = Products;
			sourceTree = "<group>";
		};
		59C309852964F17F007886FD /* LaniKingstonCoffee */ = {
			isa = PBXGroup;
			children = (
				59C309862964F17F007886FD /* AppDelegate.swift */,
				59C309882964F17F007886FD /* SceneDelegate.swift */,
				59C3098A2964F17F007886FD /* ViewController.swift */,
				59C3098C2964F17F007886FD /* Main.storyboard */,
				59C3098F2964F180007886FD /* Assets.xcassets */,
				59C309912964F180007886FD /* LaunchScreen.storyboard */,
				59C309942964F180007886FD /* Info.plist */,
			);
			path = LaniKingstonCoffee;
			sourceTree = "<group>";
		};
		59C3099C2964F180007886FD /* LaniKingstonCoffeeTests */ = {
			isa = PBXGroup;
			children = (
				59C3099D2964F180007886FD /* LaniKingstonCoffeeTests.swift */,
			);
			path = LaniKingstonCoffeeTests;
			sourceTree = "<group>";
		};
		59C309A62964F181007886FD /* LaniKingstonCoffeeUITests */ = {
			isa = PBXGroup;
			children = (
				59C309A72964F181007886FD /* LaniKingstonCoffeeUITests.swift */,
				59C309A92964F181007886FD /* LaniKingstonCoffeeUITestsLaunchTests.swift */,
			);
			path = LaniKingstonCoffeeUITests;
			sourceTree = "<group>";
		};
/* End PBXGroup section */

/* Begin PBXNativeTarget section */
		59C309822964F17F007886FD /* LaniKingstonCoffee */ = {
			isa = PBXNativeTarget;
			buildConfigurationList = 59C309AD2964F181007886FD /* Build configuration list for PBXNativeTarget "LaniKingstonCoffee" */;
			buildPhases = (
				59C3097F2964F17F007886FD /* Sources */,
				59C309802964F17F007886FD /* Frameworks */,
				59C309812964F17F007886FD /* Resources */,
			);
			buildRules = (
			);
			dependencies = (
			);
			name = LaniKingstonCoffee;
			productName = LaniKingstonCoffee;
			productReference = 59C309832964F17F007886FD /* LaniKingstonCoffee.app */;
			productType = "com.apple.product-type.application";
		};
		59C309982964F180007886FD /* LaniKingstonCoffeeTests */ = {
			isa = PBXNativeTarget;
			buildConfigurationList = 59C309B02964F181007886FD /* Build configuration list for PBXNativeTarget "LaniKingstonCoffeeTests" */;
			buildPhases = (
				59C309952964F180007886FD /* Sources */,
				59C309962964F180007886FD /* Frameworks */,
				59C309972964F180007886FD /* Resources */,
			);
			buildRules = (
			);
			dependencies = (
				59C3099B2964F180007886FD /* PBXTargetDependency */,
			);
			name = LaniKingstonCoffeeTests;
			productName = LaniKingstonCoffeeTests;
			productReference = 59C309992964F180007886FD /* LaniKingstonCoffeeTests.xctest */;
			productType = "com.apple.product-type.bundle.unit-test";
		};
		59C309A22964F180007886FD /* LaniKingstonCoffeeUITests */ = {
			isa = PBXNativeTarget;
			buildConfigurationList = 59C309B32964F181007886FD /* Build configuration list for PBXNativeTarget "LaniKingstonCoffeeUITests" */;
			buildPhases = (
				59C3099F2964F180007886FD /* Sources */,
				59C309A02964F180007886FD /* Frameworks */,
				59C309A12964F180007886FD /* Resources */,
			);
			buildRules = (
			);
			dependencies = (
				59C309A52964F180007886FD /* PBXTargetDependency */,
			);
			name = LaniKingstonCoffeeUITests;
			productName = LaniKingstonCoffeeUITests;
			productReference = 59C309A32964F180007886FD /* LaniKingstonCoffeeUITests.xctest */;
			productType = "com.apple.product-type.bundle.ui-testing";
		};
/* End PBXNativeTarget section */

/* Begin PBXProject section */
		59C3097B2964F17F007886FD /* Project object */ = {
			isa = PBXProject;
			attributes = {
				BuildIndependentTargetsInParallel = 1;
				LastSwiftUpdateCheck = 1420;
				LastUpgradeCheck = 1420;
				TargetAttributes = {
					59C309822964F17F007886FD = {
						CreatedOnToolsVersion = 14.2;
					};
					59C309982964F180007886FD = {
						CreatedOnToolsVersion = 14.2;
						TestTargetID = 59C309822964F17F007886FD;
					};
					59C309A22964F180007886FD = {
						CreatedOnToolsVersion = 14.2;
						TestTargetID = 59C309822964F17F007886FD;
					};
				};
			};
			buildConfigurationList = 59C3097E2964F17F007886FD /* Build configuration list for PBXProject "LaniKingstonCoffee" */;
			compatibilityVersion = "Xcode 14.0";
			developmentRegion = en;
			hasScannedForEncodings = 0;
			knownRegions = (
				en,
				Base,
			);
			mainGroup = 59C3097A2964F17F007886FD;
			productRefGroup = 59C309842964F17F007886FD /* Products */;
			projectDirPath = "";
			projectRoot = "";
			targets = (
				59C309822964F17F007886FD /* LaniKingstonCoffee */,
				59C309982964F180007886FD /* LaniKingstonCoffeeTests */,
				59C309A22964F180007886FD /* LaniKingstonCoffeeUITests */,
			);
		};
/* End PBXProject section */

/* Begin PBXResourcesBuildPhase section */
		59C309812964F17F007886FD /* Resources */ = {
			isa = PBXResourcesBuildPhase;
			buildActionMask = 2147483647;
			files = (
				59C309932964F180007886FD /* LaunchScreen.storyboard in Resources */,
				59C309902964F180007886FD /* Assets.xcassets in Resources */,
				59C3098E2964F17F007886FD /* Main.storyboard in Resources */,
			);
			runOnlyForDeploymentPostprocessing = 0;
		};
		59C309972964F180007886FD /* Resources */ = {
			isa = PBXResourcesBuildPhase;
			buildActionMask = 2147483647;
			files = (
			);
			runOnlyForDeploymentPostprocessing = 0;
		};
		59C309A12964F180007886FD /* Resources */ = {
			isa = PBXResourcesBuildPhase;
			buildActionMask = 2147483647;
			files = (
			);
			runOnlyForDeploymentPostprocessing = 0;
		};
/* End PBXResourcesBuildPhase section */

/* Begin PBXSourcesBuildPhase section */
		59C3097F2964F17F007886FD /* Sources */ = {
			isa = PBXSourcesBuildPhase;
			buildActionMask = 2147483647;
			files = (
				59C3098B2964F17F007886FD /* ViewController.swift in Sources */,
				59C309872964F17F007886FD /* AppDelegate.swift in Sources */,
				59C309892964F17F007886FD /* SceneDelegate.swift in Sources */,
			);
			runOnlyForDeploymentPostprocessing = 0;
		};
		59C309952964F180007886FD /* Sources */ = {
			isa = PBXSourcesBuildPhase;
			buildActionMask = 2147483647;
			files = (
				59C3099E2964F180007886FD /* LaniKingstonCoffeeTests.swift in Sources */,
			);
			runOnlyForDeploymentPostprocessing = 0;
		};
		59C3099F2964F180007886FD /* Sources */ = {
			isa = PBXSourcesBuildPhase;
			buildActionMask = 2147483647;
			files = (
				59C309A82964F181007886FD /* LaniKingstonCoffeeUITests.swift in Sources */,
				59C309AA2964F181007886FD /* LaniKingstonCoffeeUITestsLaunchTests.swift in Sources */,
			);
			runOnlyForDeploymentPostprocessing = 0;
		};
/* End PBXSourcesBuildPhase section */

/* Begin PBXTargetDependency section */
		59C3099B2964F180007886FD /* PBXTargetDependency */ = {
			isa = PBXTargetDependency;
			target = 59C309822964F17F007886FD /* LaniKingstonCoffee */;
			targetProxy = 59C3099A2964F180007886FD /* PBXContainerItemProxy */;
		};
		59C309A52964F180007886FD /* PBXTargetDependency */ = {
			isa = PBXTargetDependency;
			target = 59C309822964F17F007886FD /* LaniKingstonCoffee */;
			targetProxy = 59C309A42964F180007886FD /* PBXContainerItemProxy */;
		};
/* End PBXTargetDependency section */

/* Begin PBXVariantGroup section */
		59C3098C2964F17F007886FD /* Main.storyboard */ = {
			isa = PBXVariantGroup;
			children = (
				59C3098D2964F17F007886FD /* Base */,
			);
			name = Main.storyboard;
			sourceTree = "<group>";
		};
		59C309912964F180007886FD /* LaunchScreen.storyboard */ = {
			isa = PBXVariantGroup;
			children = (
				59C309922964F180007886FD /* Base */,
			);
			name = LaunchScreen.storyboard;
			sourceTree = "<group>";
		};
/* End PBXVariantGroup section */

/* Begin XCBuildConfiguration section */
		59C309AB2964F181007886FD /* Debug */ = {
			isa = XCBuildConfiguration;
			buildSettings = {
				ALWAYS_SEARCH_USER_PATHS = NO;
				CLANG_ANALYZER_NONNULL = YES;
				CLANG_ANALYZER_NUMBER_OBJECT_CONVERSION = YES_AGGRESSIVE;
				CLANG_CXX_LANGUAGE_STANDARD = "gnu++20";
				CLANG_ENABLE_MODULES = YES;
				CLANG_ENABLE_OBJC_ARC = YES;
				CLANG_ENABLE_OBJC_WEAK = YES;
				CLANG_WARN_BLOCK_CAPTURE_AUTORELEASING = YES;
				CLANG_WARN_BOOL_CONVERSION = YES;
				CLANG_WARN_COMMA = YES;
				CLANG_WARN_CONSTANT_CONVERSION = YES;
				CLANG_WARN_DEPRECATED_OBJC_IMPLEMENTATIONS = YES;
				CLANG_WARN_DIRECT_OBJC_ISA_USAGE = YES_ERROR;
				CLANG_WARN_DOCUMENTATION_COMMENTS = YES;
				CLANG_WARN_EMPTY_BODY = YES;
				CLANG_WARN_ENUM_CONVERSION = YES;
				CLANG_WARN_INFINITE_RECURSION = YES;
				CLANG_WARN_INT_CONVERSION = YES;
				CLANG_WARN_NON_LITERAL_NULL_CONVERSION = YES;
				CLANG_WARN_OBJC_IMPLICIT_RETAIN_SELF = YES;
				CLANG_WARN_OBJC_LITERAL_CONVERSION = YES;
				CLANG_WARN_OBJC_ROOT_CLASS = YES_ERROR;
				CLANG_WARN_QUOTED_INCLUDE_IN_FRAMEWORK_HEADER = YES;
				CLANG_WARN_RANGE_LOOP_ANALYSIS = YES;
				CLANG_WARN_STRICT_PROTOTYPES = YES;
				CLANG_WARN_SUSPICIOUS_MOVE = YES;
				CLANG_WARN_UNGUARDED_AVAILABILITY = YES_AGGRESSIVE;
				CLANG_WARN_UNREACHABLE_CODE = YES;
				CLANG_WARN__DUPLICATE_METHOD_MATCH = YES;
				COPY_PHASE_STRIP = NO;
				DEBUG_INFORMATION_FORMAT = dwarf;
				ENABLE_STRICT_OBJC_MSGSEND = YES;
				ENABLE_TESTABILITY = YES;
				GCC_C_LANGUAGE_STANDARD = gnu11;
				GCC_DYNAMIC_NO_PIC = NO;
				GCC_NO_COMMON_BLOCKS = YES;
				GCC_OPTIMIZATION_LEVEL = 0;
				GCC_PREPROCESSOR_DEFINITIONS = (
					"DEBUG=1",
					"$(inherited)",
				);
				GCC_WARN_64_TO_32_BIT_CONVERSION = YES;
				GCC_WARN_ABOUT_RETURN_TYPE = YES_ERROR;
				GCC_WARN_UNDECLARED_SELECTOR = YES;
				GCC_WARN_UNINITIALIZED_AUTOS = YES_AGGRESSIVE;
				GCC_WARN_UNUSED_FUNCTION = YES;
				GCC_WARN_UNUSED_VARIABLE = YES;
				IPHONEOS_DEPLOYMENT_TARGET = 16.2;
				MTL_ENABLE_DEBUG_INFO = INCLUDE_SOURCE;
				MTL_FAST_MATH = YES;
				ONLY_ACTIVE_ARCH = YES;
				SDKROOT = iphoneos;
				SWIFT_ACTIVE_COMPILATION_CONDITIONS = DEBUG;
				SWIFT_OPTIMIZATION_LEVEL = "-Onone";
			};
			name = Debug;
		};
		59C309AC2964F181007886FD /* Release */ = {
			isa = XCBuildConfiguration;
			buildSettings = {
				ALWAYS_SEARCH_USER_PATHS = NO;
				CLANG_ANALYZER_NONNULL = YES;
				CLANG_ANALYZER_NUMBER_OBJECT_CONVERSION = YES_AGGRESSIVE;
				CLANG_CXX_LANGUAGE_STANDARD = "gnu++20";
				CLANG_ENABLE_MODULES = YES;
				CLANG_ENABLE_OBJC_ARC = YES;
				CLANG_ENABLE_OBJC_WEAK = YES;
				CLANG_WARN_BLOCK_CAPTURE_AUTORELEASING = YES;
				CLANG_WARN_BOOL_CONVERSION = YES;
				CLANG_WARN_COMMA = YES;
				CLANG_WARN_CONSTANT_CONVERSION = YES;
				CLANG_WARN_DEPRECATED_OBJC_IMPLEMENTATIONS = YES;
				CLANG_WARN_DIRECT_OBJC_ISA_USAGE = YES_ERROR;
				CLANG_WARN_DOCUMENTATION_COMMENTS = YES;
				CLANG_WARN_EMPTY_BODY = YES;
				CLANG_WARN_ENUM_CONVERSION = YES;
				CLANG_WARN_INFINITE_RECURSION = YES;
				CLANG_WARN_INT_CONVERSION = YES;
				CLANG_WARN_NON_LITERAL_NULL_CONVERSION = YES;
				CLANG_WARN_OBJC_IMPLICIT_RETAIN_SELF = YES;
				CLANG_WARN_OBJC_LITERAL_CONVERSION = YES;
				CLANG_WARN_OBJC_ROOT_CLASS = YES_ERROR;
				CLANG_WARN_QUOTED_INCLUDE_IN_FRAMEWORK_HEADER = YES;
				CLANG_WARN_RANGE_LOOP_ANALYSIS = YES;
				CLANG_WARN_STRICT_PROTOTYPES = YES;
				CLANG_WARN_SUSPICIOUS_MOVE = YES;
				CLANG_WARN_UNGUARDED_AVAILABILITY = YES_AGGRESSIVE;
				CLANG_WARN_UNREACHABLE_CODE = YES;
				CLANG_WARN__DUPLICATE_METHOD_MATCH = YES;
				COPY_PHASE_STRIP = NO;
				DEBUG_INFORMATION_FORMAT = "dwarf-with-dsym";
				ENABLE_NS_ASSERTIONS = NO;
				ENABLE_STRICT_OBJC_MSGSEND = YES;
				GCC_C_LANGUAGE_STANDARD = gnu11;
				GCC_NO_COMMON_BLOCKS = YES;
				GCC_WARN_64_TO_32_BIT_CONVERSION = YES;
				GCC_WARN_ABOUT_RETURN_TYPE = YES_ERROR;
				GCC_WARN_UNDECLARED_SELECTOR = YES;
				GCC_WARN_UNINITIALIZED_AUTOS = YES_AGGRESSIVE;
				GCC_WARN_UNUSED_FUNCTION = YES;
				GCC_WARN_UNUSED_VARIABLE = YES;
				IPHONEOS_DEPLOYMENT_TARGET = 16.2;
				MTL_ENABLE_DEBUG_INFO = NO;
				MTL_FAST_MATH = YES;
				SDKROOT = iphoneos;
				SWIFT_COMPILATION_MODE = wholemodule;
				SWIFT_OPTIMIZATION_LEVEL = "-O";
				VALIDATE_PRODUCT = YES;
			};
			name = Release;
		};
		59C309AE2964F181007886FD /* Debug */ = {
			isa = XCBuildConfiguration;
			buildSettings = {
				ASSETCATALOG_COMPILER_APPICON_NAME = AppIcon;
				ASSETCATALOG_COMPILER_GLOBAL_ACCENT_COLOR_NAME = AccentColor;
				CODE_SIGN_STYLE = Automatic;
				CURRENT_PROJECT_VERSION = 1;
				DEVELOPMENT_TEAM = 8H997XH52S;
				GENERATE_INFOPLIST_FILE = YES;
				INFOPLIST_FILE = LaniKingstonCoffee/Info.plist;
				INFOPLIST_KEY_UIApplicationSupportsIndirectInputEvents = YES;
				INFOPLIST_KEY_UILaunchStoryboardName = LaunchScreen;
				INFOPLIST_KEY_UIMainStoryboardFile = Main;
				INFOPLIST_KEY_UISupportedInterfaceOrientations_iPad = "UIInterfaceOrientationPortrait UIInterfaceOrientationPortraitUpsideDown UIInterfaceOrientationLandscapeLeft UIInterfaceOrientationLandscapeRight";
				INFOPLIST_KEY_UISupportedInterfaceOrientations_iPhone = "UIInterfaceOrientationPortrait UIInterfaceOrientationLandscapeLeft UIInterfaceOrientationLandscapeRight";
				LD_RUNPATH_SEARCH_PATHS = (
					"$(inherited)",
					"@executable_path/Frameworks",
				);
				MARKETING_VERSION = 1.0;
				PRODUCT_BUNDLE_IDENTIFIER = com.mackenzie.LaniKingstonCoffee;
				PRODUCT_NAME = "$(TARGET_NAME)";
				SWIFT_EMIT_LOC_STRINGS = YES;
				SWIFT_VERSION = 5.0;
				TARGETED_DEVICE_FAMILY = "1,2";
			};
			name = Debug;
		};
		59C309AF2964F181007886FD /* Release */ = {
			isa = XCBuildConfiguration;
			buildSettings = {
				ASSETCATALOG_COMPILER_APPICON_NAME = AppIcon;
				ASSETCATALOG_COMPILER_GLOBAL_ACCENT_COLOR_NAME = AccentColor;
				CODE_SIGN_STYLE = Automatic;
				CURRENT_PROJECT_VERSION = 1;
				DEVELOPMENT_TEAM = 8H997XH52S;
				GENERATE_INFOPLIST_FILE = YES;
				INFOPLIST_FILE = LaniKingstonCoffee/Info.plist;
				INFOPLIST_KEY_UIApplicationSupportsIndirectInputEvents = YES;
				INFOPLIST_KEY_UILaunchStoryboardName = LaunchScreen;
				INFOPLIST_KEY_UIMainStoryboardFile = Main;
				INFOPLIST_KEY_UISupportedInterfaceOrientations_iPad = "UIInterfaceOrientationPortrait UIInterfaceOrientationPortraitUpsideDown UIInterfaceOrientationLandscapeLeft UIInterfaceOrientationLandscapeRight";
				INFOPLIST_KEY_UISupportedInterfaceOrientations_iPhone = "UIInterfaceOrientationPortrait UIInterfaceOrientationLandscapeLeft UIInterfaceOrientationLandscapeRight";
				LD_RUNPATH_SEARCH_PATHS = (
					"$(inherited)",
					"@executable_path/Frameworks",
				);
				MARKETING_VERSION = 1.0;
				PRODUCT_BUNDLE_IDENTIFIER = com.mackenzie.LaniKingstonCoffee;
				PRODUCT_NAME = "$(TARGET_NAME)";
				SWIFT_EMIT_LOC_STRINGS = YES;
				SWIFT_VERSION = 5.0;
				TARGETED_DEVICE_FAMILY = "1,2";
			};
			name = Release;
		};
		59C309B12964F181007886FD /* Debug */ = {
			isa = XCBuildConfiguration;
			buildSettings = {
				ALWAYS_EMBED_SWIFT_STANDARD_LIBRARIES = YES;
				BUNDLE_LOADER = "$(TEST_HOST)";
				CODE_SIGN_STYLE = Automatic;
				CURRENT_PROJECT_VERSION = 1;
				DEVELOPMENT_TEAM = 8H997XH52S;
				GENERATE_INFOPLIST_FILE = YES;
				IPHONEOS_DEPLOYMENT_TARGET = 16.2;
				MARKETING_VERSION = 1.0;
				PRODUCT_BUNDLE_IDENTIFIER = com.mackenzie.LaniKingstonCoffeeTests;
				PRODUCT_NAME = "$(TARGET_NAME)";
				SWIFT_EMIT_LOC_STRINGS = NO;
				SWIFT_VERSION = 5.0;
				TARGETED_DEVICE_FAMILY = "1,2";
				TEST_HOST = "$(BUILT_PRODUCTS_DIR)/LaniKingstonCoffee.app/$(BUNDLE_EXECUTABLE_FOLDER_PATH)/LaniKingstonCoffee";
			};
			name = Debug;
		};
		59C309B22964F181007886FD /* Release */ = {
			isa = XCBuildConfiguration;
			buildSettings = {
				ALWAYS_EMBED_SWIFT_STANDARD_LIBRARIES = YES;
				BUNDLE_LOADER = "$(TEST_HOST)";
				CODE_SIGN_STYLE = Automatic;
				CURRENT_PROJECT_VERSION = 1;
				DEVELOPMENT_TEAM = 8H997XH52S;
				GENERATE_INFOPLIST_FILE = YES;
				IPHONEOS_DEPLOYMENT_TARGET = 16.2;
				MARKETING_VERSION = 1.0;
				PRODUCT_BUNDLE_IDENTIFIER = com.mackenzie.LaniKingstonCoffeeTests;
				PRODUCT_NAME = "$(TARGET_NAME)";
				SWIFT_EMIT_LOC_STRINGS = NO;
				SWIFT_VERSION = 5.0;
				TARGETED_DEVICE_FAMILY = "1,2";
				TEST_HOST = "$(BUILT_PRODUCTS_DIR)/LaniKingstonCoffee.app/$(BUNDLE_EXECUTABLE_FOLDER_PATH)/LaniKingstonCoffee";
			};
			name = Release;
		};
		59C309B42964F181007886FD /* Debug */ = {
			isa = XCBuildConfiguration;
			buildSettings = {
				ALWAYS_EMBED_SWIFT_STANDARD_LIBRARIES = YES;
				CODE_SIGN_STYLE = Automatic;
				CURRENT_PROJECT_VERSION = 1;
				DEVELOPMENT_TEAM = 8H997XH52S;
				GENERATE_INFOPLIST_FILE = YES;
				MARKETING_VERSION = 1.0;
				PRODUCT_BUNDLE_IDENTIFIER = com.mackenzie.LaniKingstonCoffeeUITests;
				PRODUCT_NAME = "$(TARGET_NAME)";
				SWIFT_EMIT_LOC_STRINGS = NO;
				SWIFT_VERSION = 5.0;
				TARGETED_DEVICE_FAMILY = "1,2";
				TEST_TARGET_NAME = LaniKingstonCoffee;
			};
			name = Debug;
		};
		59C309B52964F181007886FD /* Release */ = {
			isa = XCBuildConfiguration;
			buildSettings = {
				ALWAYS_EMBED_SWIFT_STANDARD_LIBRARIES = YES;
				CODE_SIGN_STYLE = Automatic;
				CURRENT_PROJECT_VERSION = 1;
				DEVELOPMENT_TEAM = 8H997XH52S;
				GENERATE_INFOPLIST_FILE = YES;
				MARKETING_VERSION = 1.0;
				PRODUCT_BUNDLE_IDENTIFIER = com.mackenzie.LaniKingstonCoffeeUITests;
				PRODUCT_NAME = "$(TARGET_NAME)";
				SWIFT_EMIT_LOC_STRINGS = NO;
				SWIFT_VERSION = 5.0;
				TARGETED_DEVICE_FAMILY = "1,2";
				TEST_TARGET_NAME = LaniKingstonCoffee;
			};
			name = Release;
		};
/* End XCBuildConfiguration section */

/* Begin XCConfigurationList section */
		59C3097E2964F17F007886FD /* Build configuration list for PBXProject "LaniKingstonCoffee" */ = {
			isa = XCConfigurationList;
			buildConfigurations = (
				59C309AB2964F181007886FD /* Debug */,
				59C309AC2964F181007886FD /* Release */,
			);
			defaultConfigurationIsVisible = 0;
			defaultConfigurationName = Release;
		};
		59C309AD2964F181007886FD /* Build configuration list for PBXNativeTarget "LaniKingstonCoffee" */ = {
			isa = XCConfigurationList;
			buildConfigurations = (
				59C309AE2964F181007886FD /* Debug */,
				59C309AF2964F181007886FD /* Release */,
			);
			defaultConfigurationIsVisible = 0;
			defaultConfigurationName = Release;
		};
		59C309B02964F181007886FD /* Build configuration list for PBXNativeTarget "LaniKingstonCoffeeTests" */ = {
			isa = XCConfigurationList;
			buildConfigurations = (
				59C309B12964F181007886FD /* Debug */,
				59C309B22964F181007886FD /* Release */,
			);
			defaultConfigurationIsVisible = 0;
			defaultConfigurationName = Release;
		};
		59C309B32964F181007886FD /* Build configuration list for PBXNativeTarget "LaniKingstonCoffeeUITests" */ = {
			isa = XCConfigurationList;
			buildConfigurations = (
				59C309B42964F181007886FD /* Debug */,
				59C309B52964F181007886FD /* Release */,
			);
			defaultConfigurationIsVisible = 0;
			defaultConfigurationName = Release;
		};
/* End XCConfigurationList section */
	};
	rootObject = 59C3097B2964F17F007886FD /* Project object */;
}
